<?xml version="1.0" encoding="utf-8"?>
<Project ToolsVersion="4.0" xmlns="http://schemas.microsoft.com/developer/msbuild/2003">
  <ItemGroup>
    <Filter Include="소스 파일">
      <UniqueIdentifier>{4FC737F1-C7A5-4376-A066-2A32D752A2FF}</UniqueIdentifier>
      <Extensions>cpp;c;cc;cxx;def;odl;idl;hpj;bat;asm;asmx</Extensions>
    </Filter>
    <Filter Include="헤더 파일">
      <UniqueIdentifier>{93995380-89BD-4b04-88EB-625FBE52EBFB}</UniqueIdentifier>
      <Extensions>h;hh;hpp;hxx;hm;inl;inc;ipp;xsd</Extensions>
    </Filter>
    <Filter Include="리소스 파일">
      <UniqueIdentifier>{67DA6AB6-F800-4c08-8B7A-83BB121AAD01}</UniqueIdentifier>
      <Extensions>rc;ico;cur;bmp;dlg;rc2;rct;bin;rgs;gif;jpg;jpeg;jpe;resx;tiff;tif;png;wav;mfcribbon-ms</Extensions>
    </Filter>
  </ItemGroup>
  <ItemGroup>
    <ClInclude Include="pch.h">
      <Filter>헤더 파일</Filter>
    </ClInclude>
  </ItemGroup>
  <ItemGroup>
    <ClCompile Include="pch.cpp">
      <Filter>소스 파일</Filter>
    </ClCompile>
    <ClCompile Include="baekjoon.cpp">
      <Filter>소스 파일</Filter>
    </ClCompile>
    <ClCompile Include="숫자 정사각형%281051%29.cpp">
      <Filter>소스 파일</Filter>
    </ClCompile>
    <ClCompile Include="미로탐색(2178).cpp">
      <Filter>소스 파일</Filter>
    </ClCompile>
    <ClCompile Include="연구실(14502).cpp">
      <Filter>소스 파일</Filter>
    </ClCompile>
    <ClCompile Include="단어공부%281157%29.cpp">
      <Filter>소스 파일</Filter>
    </ClCompile>
    <ClCompile Include="알파벳(1987).cpp">
      <Filter>소스 파일</Filter>
    </ClCompile>
    <ClCompile Include="도영이가 만든 맛있는 음식(2961).cpp">
      <Filter>소스 파일</Filter>
    </ClCompile>
    <ClCompile Include="덩치(7568).cpp">
      <Filter>소스 파일</Filter>
    </ClCompile>
    <ClCompile Include="퇴사(14501).cpp">
      <Filter>소스 파일</Filter>
    </ClCompile>
    <ClCompile Include="단지번호붙이기(2667).cpp">
      <Filter>소스 파일</Filter>
    </ClCompile>
    <ClCompile Include="로또(6603).cpp">
      <Filter>소스 파일</Filter>
    </ClCompile>
    <ClCompile Include="토마토(7576).cpp">
      <Filter>소스 파일</Filter>
    </ClCompile>
    <ClCompile Include="숫자 만들기 (삼성 모의 SW 역량테스트_4008).cpp">
      <Filter>소스 파일</Filter>
    </ClCompile>
  </ItemGroup>
  <ItemGroup>
    <None Include="cpp.hint" />
  </ItemGroup>
</Project>